# This file is automatically @generated by Cargo.
# It is not intended for manual editing.
version = 4

[[package]]
name = "commish"
version = "1.0.0"
dependencies = [
 "pinocchio",
]

[[package]]
name = "pinocchio"
version = "0.11.2"
source = "registry+https://github.com/rust-lang/crates.io-index"
checksum = "a6cababcb62a2e739c7078ae16eda02789a6e3edd21bbdded864e85c38a7914d"
dependencies = [
 "solana-account-view",
 "solana-address",
 "solana-define-syscall",
 "solana-instruction-view",
 "solana-program-error",
]

[[package]]
name = "solana-account-view"
version = "2.1.0"
source = "registry+https://github.com/rust-lang/crates.io-index"
checksum = "1acd7ff34cf7f09e238921b5aa64d9e517b2e92642c153a5dc15d99c8e25af3d"
dependencies = [
 "solana-address",
 "solana-program-error",
]

[[package]]
name = "solana-address"
version = "2.8.0"
source = "registry+https://github.com/rust-lang/crates.io-index"
checksum = "ea4126c5e3b30cec8e2f8155842a8f031dda8df986437f1ebb0c781715b132d3"
dependencies = [
 "solana-define-syscall",
 "solana-program-error",
]

[[package]]
name = "solana-define-syscall"
version = "5.2.0"
source = "registry+https://github.com/rust-lang/crates.io-index"
checksum = "bf8209ece2bd9f1450e672858ffc0e5c8c786ff6916d2a862b126dd0128f380f"

[[package]]
name = "solana-instruction-view"
version = "2.1.0"
source = "registry+https://github.com/rust-lang/crates.io-index"
checksum = "6ab7a27d0c4214b9f7389c3dd00b68c93093a67f1dcc5b7893aebe299bbcbb47"
dependencies = [
 "solana-account-view",
 "solana-address",
 "solana-define-syscall",
 "solana-program-error",
]

[[package]]
name = "solana-program-error"
version = "3.0.1"
source = "registry+https://github.com/rust-lang/crates.io-index"
checksum = "4f04fa578707b3612b095f0c8e19b66a1233f7c42ca8082fcb3b745afcc0add6"
